
Microsoft Visual Studio Solution File, Format Version 12.00
# Visual Studio Version 17
VisualStudioVersion = 17.4.33122.133
MinimumVisualStudioVersion = 10.0.40219.1
Project("{9A19103F-16F7-4668-BE54-9A1E7A4F7556}") = "BlazorMyRide.Server", "BlazorMyRide\Server\BlazorMyRide.Server.csproj", "{B4EE0EC0-CA54-460E-BF3C-119D819DEA13}"
EndProject
Project("{9A19103F-16F7-4668-BE54-9A1E7A4F7556}") = "BlazorMyRide.Client", "BlazorMyRide\Client\BlazorMyRide.Client.csproj", "{084AC98D-6DA7-4398-B700-48353108E0CC}"
EndProject
Project("{9A19103F-16F7-4668-BE54-9A1E7A4F7556}") = "BlazorMyRide.Shared", "BlazorMyRide\Shared\BlazorMyRide.Shared.csproj", "{C8A001FD-26AF-4A68-9F58-7EB6CC257831}"
EndProject
Global
	GlobalSection(SolutionConfigurationPlatforms) = preSolution
		Debug|Any CPU = Debug|Any CPU
		Release|Any CPU = Release|Any CPU
	EndGlobalSection
	GlobalSection(ProjectConfigurationPlatforms) = postSolution
		{B4EE0EC0-CA54-460E-BF3C-119D819DEA13}.Debug|Any CPU.ActiveCfg = Debug|Any CPU
		{B4EE0EC0-CA54-460E-BF3C-119D819DEA13}.Debug|Any CPU.Build.0 = Debug|Any CPU
		{B4EE0EC0-CA54-460E-BF3C-119D819DEA13}.Release|Any CPU.ActiveCfg = Release|Any CPU
		{B4EE0EC0-CA54-460E-BF3C-119D819DEA13}.Release|Any CPU.Build.0 = Release|Any CPU
		{084AC98D-6DA7-4398-B700-48353108E0CC}.Debug|Any CPU.ActiveCfg = Debug|Any CPU
		{084AC98D-6DA7-4398-B700-48353108E0CC}.Debug|Any CPU.Build.0 = Debug|Any CPU
		{084AC98D-6DA7-4398-B700-48353108E0CC}.Release|Any CPU.ActiveCfg = Release|Any CPU
		{084AC98D-6DA7-4398-B700-48353108E0CC}.Release|Any CPU.Build.0 = Release|Any CPU
		{C8A001FD-26AF-4A68-9F58-7EB6CC257831}.Debug|Any CPU.ActiveCfg = Debug|Any CPU
		{C8A001FD-26AF-4A68-9F58-7EB6CC257831}.Debug|Any CPU.Build.0 = Debug|Any CPU
		{C8A001FD-26AF-4A68-9F58-7EB6CC257831}.Release|Any CPU.ActiveCfg = Release|Any CPU
		{C8A001FD-26AF-4A68-9F58-7EB6CC257831}.Release|Any CPU.Build.0 = Release|Any CPU
	EndGlobalSection
	GlobalSection(SolutionProperties) = preSolution
		HideSolutionNode = FALSE
	EndGlobalSection
	GlobalSection(ExtensibilityGlobals) = postSolution
		SolutionGuid = {F8D2243D-1FD3-4F7D-9AB1-A6114260ABAE}
	EndGlobalSection
EndGlobal
